// !$*UTF8*$!
{
	archiveVersion = 1;
	classes = {
	};
	objectVersion = 51;
	objects = {

/* Begin PBXBuildFile section */
		0458B93823B1F96F00CEBFDA /* Home.storyboard in Resources */ = {isa = PBXBuildFile; fileRef = 0458B93723B1F96F00CEBFDA /* Home.storyboard */; };
		0458B93A23B1F9BC00CEBFDA /* HomeViewController.swift in Sources */ = {isa = PBXBuildFile; fileRef = 0458B93923B1F9BC00CEBFDA /* HomeViewController.swift */; };
		0458B93E23B211B100CEBFDA /* MateCollectionViewCell.swift in Sources */ = {isa = PBXBuildFile; fileRef = 0458B93D23B211B100CEBFDA /* MateCollectionViewCell.swift */; };
		0458B94023B2403400CEBFDA /* RecommendCollectionViewCell.swift in Sources */ = {isa = PBXBuildFile; fileRef = 0458B93F23B2403400CEBFDA /* RecommendCollectionViewCell.swift */; };
		045A549323B5D75500D2ADAD /* CountryCellTableViewCell.swift in Sources */ = {isa = PBXBuildFile; fileRef = 045A549123B5D75400D2ADAD /* CountryCellTableViewCell.swift */; };
		045A549423B5D75500D2ADAD /* RegionCollectionViewCell.swift in Sources */ = {isa = PBXBuildFile; fileRef = 045A549223B5D75400D2ADAD /* RegionCollectionViewCell.swift */; };
		04D4371D23B26B9F00574AF2 /* RecentCollectionViewCell.swift in Sources */ = {isa = PBXBuildFile; fileRef = 04D4371C23B26B9F00574AF2 /* RecentCollectionViewCell.swift */; };
		04D4374323B4B75C00574AF2 /* RegionFilter.storyboard in Resources */ = {isa = PBXBuildFile; fileRef = 04D4374223B4B75C00574AF2 /* RegionFilter.storyboard */; };
		04F3624B23B4F3BA005B56CB /* RegionFilterViewController.swift in Sources */ = {isa = PBXBuildFile; fileRef = 04F3624A23B4F3BA005B56CB /* RegionFilterViewController.swift */; };
		04F3624D23B50939005B56CB /* SemiRegionCollectionViewCell.swift in Sources */ = {isa = PBXBuildFile; fileRef = 04F3624C23B50939005B56CB /* SemiRegionCollectionViewCell.swift */; };
		04F3624F23B51011005B56CB /* CountryModel.swift in Sources */ = {isa = PBXBuildFile; fileRef = 04F3624E23B51011005B56CB /* CountryModel.swift */; };
		050CCBC123B6374A0004D543 /* Estimate.storyboard in Resources */ = {isa = PBXBuildFile; fileRef = 050CCBC023B6374A0004D543 /* Estimate.storyboard */; };
		050CCBC323B637810004D543 /* EstimateViewController.swift in Sources */ = {isa = PBXBuildFile; fileRef = 050CCBC223B637810004D543 /* EstimateViewController.swift */; };
		05719C8B23BC7E840041D322 /* SignUpViewController.swift in Sources */ = {isa = PBXBuildFile; fileRef = 05719C8A23BC7E840041D322 /* SignUpViewController.swift */; };
		05719C8D23BC89EF0041D322 /* MyPage.storyboard in Resources */ = {isa = PBXBuildFile; fileRef = 05719C8C23BC89EF0041D322 /* MyPage.storyboard */; };
		05719C8F23BCC63F0041D322 /* MyPageModifyViewController.swift in Sources */ = {isa = PBXBuildFile; fileRef = 05719C8E23BCC63F0041D322 /* MyPageModifyViewController.swift */; };
		05DDBE0823BA1C3300DCDBD5 /* EstimateService.swift in Sources */ = {isa = PBXBuildFile; fileRef = 05DDBE0723BA1C3300DCDBD5 /* EstimateService.swift */; };
		05DDBE0A23BA45E100DCDBD5 /* RegionModel.swift in Sources */ = {isa = PBXBuildFile; fileRef = 05DDBE0923BA45E100DCDBD5 /* RegionModel.swift */; };
		05DDBE0C23BB32C800DCDBD5 /* CountryService.swift in Sources */ = {isa = PBXBuildFile; fileRef = 05DDBE0B23BB32C800DCDBD5 /* CountryService.swift */; };
		05DDBE0E23BB694C00DCDBD5 /* WithMateModel.swift in Sources */ = {isa = PBXBuildFile; fileRef = 05DDBE0D23BB694C00DCDBD5 /* WithMateModel.swift */; };
		05DDBE1023BB6A3000DCDBD5 /* RecommenBoardModel.swift in Sources */ = {isa = PBXBuildFile; fileRef = 05DDBE0F23BB6A3000DCDBD5 /* RecommenBoardModel.swift */; };
		05DDBE1223BB6AC500DCDBD5 /* RecentBoardModel.swift in Sources */ = {isa = PBXBuildFile; fileRef = 05DDBE1123BB6AC500DCDBD5 /* RecentBoardModel.swift */; };
		05DDBE1423BB6CE700DCDBD5 /* WithMateService.swift in Sources */ = {isa = PBXBuildFile; fileRef = 05DDBE1323BB6CE700DCDBD5 /* WithMateService.swift */; };
		05DDBE1623BB704500DCDBD5 /* LogIn.storyboard in Resources */ = {isa = PBXBuildFile; fileRef = 05DDBE1523BB704500DCDBD5 /* LogIn.storyboard */; };
		05DDBE1823BB711C00DCDBD5 /* LogInViewController.swift in Sources */ = {isa = PBXBuildFile; fileRef = 05DDBE1723BB711C00DCDBD5 /* LogInViewController.swift */; };
		06BBC30523B9C768000DAE1C /* LoginResult.swift in Sources */ = {isa = PBXBuildFile; fileRef = 06BBC30423B9C768000DAE1C /* LoginResult.swift */; };
		06BBC30723B9EADC000DAE1C /* ChatRoomViewController+Extension.swift in Sources */ = {isa = PBXBuildFile; fileRef = 06BBC30623B9EADC000DAE1C /* ChatRoomViewController+Extension.swift */; };
		06BBC30923BA0D93000DAE1C /* ChatModel.swift in Sources */ = {isa = PBXBuildFile; fileRef = 06BBC30823BA0D93000DAE1C /* ChatModel.swift */; };
		06BBC30B23BA1631000DAE1C /* UIViewController+Extension.swift in Sources */ = {isa = PBXBuildFile; fileRef = 06BBC30A23BA1631000DAE1C /* UIViewController+Extension.swift */; };
		06BBC30D23BA8CCE000DAE1C /* InviteViewController.swift in Sources */ = {isa = PBXBuildFile; fileRef = 06BBC30C23BA8CCE000DAE1C /* InviteViewController.swift */; };
		06BBC30F23BAA3EE000DAE1C /* InviteViewController+Extension.swift in Sources */ = {isa = PBXBuildFile; fileRef = 06BBC30E23BAA3EE000DAE1C /* InviteViewController+Extension.swift */; };
		06BBC31123BAA58F000DAE1C /* UserInfo.swift in Sources */ = {isa = PBXBuildFile; fileRef = 06BBC31023BAA58F000DAE1C /* UserInfo.swift */; };
		06BBC31323BB557F000DAE1C /* ChatListViewController+Extension.swift in Sources */ = {isa = PBXBuildFile; fileRef = 06BBC31223BB557F000DAE1C /* ChatListViewController+Extension.swift */; };
		06C1C92C23B6547C00DD4F9D /* ChatListTableViewCell.swift in Sources */ = {isa = PBXBuildFile; fileRef = 06C1C92B23B6547C00DD4F9D /* ChatListTableViewCell.swift */; };
		06C1C92E23B6AACF00DD4F9D /* UIView+Extension.swift in Sources */ = {isa = PBXBuildFile; fileRef = 06C1C92D23B6AACF00DD4F9D /* UIView+Extension.swift */; };
		06C1C93523B7A78A00DD4F9D /* MyPageViewController.swift in Sources */ = {isa = PBXBuildFile; fileRef = 06C1C93423B7A78A00DD4F9D /* MyPageViewController.swift */; };
		06C1C93923B7C55A00DD4F9D /* UserService.swift in Sources */ = {isa = PBXBuildFile; fileRef = 06C1C93823B7C55A00DD4F9D /* UserService.swift */; };
		06C1C93B23B8875400DD4F9D /* SignUpModel.swift in Sources */ = {isa = PBXBuildFile; fileRef = 06C1C93A23B8875400DD4F9D /* SignUpModel.swift */; };
		06C1C93D23B8BB6500DD4F9D /* ResponseResult.swift in Sources */ = {isa = PBXBuildFile; fileRef = 06C1C93C23B8BB6500DD4F9D /* ResponseResult.swift */; };
		06C1C94123B8E65600DD4F9D /* GoogleService-Info.plist in Resources */ = {isa = PBXBuildFile; fileRef = 06C1C94023B8E65600DD4F9D /* GoogleService-Info.plist */; };
		06C1C94323B8F3CF00DD4F9D /* ServiceTestViewController.swift in Sources */ = {isa = PBXBuildFile; fileRef = 06C1C94223B8F3CF00DD4F9D /* ServiceTestViewController.swift */; };
		06CFDD5823B09C930030BABB /* AppDelegate.swift in Sources */ = {isa = PBXBuildFile; fileRef = 06CFDD5723B09C930030BABB /* AppDelegate.swift */; };
		06CFDD5C23B09C930030BABB /* ViewController.swift in Sources */ = {isa = PBXBuildFile; fileRef = 06CFDD5B23B09C930030BABB /* ViewController.swift */; };
		06CFDD5F23B09C930030BABB /* Main.storyboard in Resources */ = {isa = PBXBuildFile; fileRef = 06CFDD5D23B09C930030BABB /* Main.storyboard */; };
		06CFDD6123B09C960030BABB /* Assets.xcassets in Resources */ = {isa = PBXBuildFile; fileRef = 06CFDD6023B09C960030BABB /* Assets.xcassets */; };
		06CFDD6423B09C960030BABB /* LaunchScreen.storyboard in Resources */ = {isa = PBXBuildFile; fileRef = 06CFDD6223B09C960030BABB /* LaunchScreen.storyboard */; };
		06CFDD7123B1B9260030BABB /* Chat.storyboard in Resources */ = {isa = PBXBuildFile; fileRef = 06CFDD6F23B1B9260030BABB /* Chat.storyboard */; };
		06CFDD7D23B1F2E60030BABB /* SocketIOManager.swift in Sources */ = {isa = PBXBuildFile; fileRef = 06CFDD7C23B1F2E60030BABB /* SocketIOManager.swift */; };
		06CFDD8023B1F37F0030BABB /* BaseAPI.swift in Sources */ = {isa = PBXBuildFile; fileRef = 06CFDD7F23B1F37F0030BABB /* BaseAPI.swift */; };
		06CFDD8223B1F6F00030BABB /* ChatRoomViewController.swift in Sources */ = {isa = PBXBuildFile; fileRef = 06CFDD8123B1F6F00030BABB /* ChatRoomViewController.swift */; };
		06CFDD8423B249450030BABB /* ChatBubbleTableViewCell.swift in Sources */ = {isa = PBXBuildFile; fileRef = 06CFDD8323B249450030BABB /* ChatBubbleTableViewCell.swift */; };
		06CFDD8A23B37CCC0030BABB /* UIColor+Extension.swift in Sources */ = {isa = PBXBuildFile; fileRef = 06CFDD8923B37CCC0030BABB /* UIColor+Extension.swift */; };
		06CFDD8C23B3937A0030BABB /* ChatListViewController.swift in Sources */ = {isa = PBXBuildFile; fileRef = 06CFDD8B23B3937A0030BABB /* ChatListViewController.swift */; };
		06CFDD9523B4673C0030BABB /* UITextView+Extension.swift in Sources */ = {isa = PBXBuildFile; fileRef = 06CFDD9423B4673C0030BABB /* UITextView+Extension.swift */; };
		06CFDD9723B4A1B30030BABB /* SF-Pro-Display-Medium.otf in Resources */ = {isa = PBXBuildFile; fileRef = 06CFDD9623B4A1B30030BABB /* SF-Pro-Display-Medium.otf */; };
		06CFDD9923B4CD920030BABB /* ChatDateTableViewCell.swift in Sources */ = {isa = PBXBuildFile; fileRef = 06CFDD9823B4CD920030BABB /* ChatDateTableViewCell.swift */; };
		06CFDD9B23B4CD9D0030BABB /* ChatProfileTableViewCell.swift in Sources */ = {isa = PBXBuildFile; fileRef = 06CFDD9A23B4CD9D0030BABB /* ChatProfileTableViewCell.swift */; };
		06CFDD9D23B5399E0030BABB /* UILabel+Extension.swift in Sources */ = {isa = PBXBuildFile; fileRef = 06CFDD9C23B5399E0030BABB /* UILabel+Extension.swift */; };
		06CFDDA123B5425D0030BABB /* ChatMyInviteTableViewCell.swift in Sources */ = {isa = PBXBuildFile; fileRef = 06CFDDA023B5425D0030BABB /* ChatMyInviteTableViewCell.swift */; };
		06CFDDA323B542C10030BABB /* ChatCompleteTableViewCell.swift in Sources */ = {isa = PBXBuildFile; fileRef = 06CFDDA223B542C10030BABB /* ChatCompleteTableViewCell.swift */; };
		06CFDDA523B5454C0030BABB /* ChatOtherInviteTableViewCell.swift in Sources */ = {isa = PBXBuildFile; fileRef = 06CFDDA423B5454C0030BABB /* ChatOtherInviteTableViewCell.swift */; };
		8F915AC69B73DB2F7A722B57 /* Pods_With.framework in Frameworks */ = {isa = PBXBuildFile; fileRef = 203121F49D0F6F9796C12600 /* Pods_With.framework */; };
/* End PBXBuildFile section */

/* Begin PBXFileReference section */
		0458B93723B1F96F00CEBFDA /* Home.storyboard */ = {isa = PBXFileReference; lastKnownFileType = file.storyboard; path = Home.storyboard; sourceTree = "<group>"; };
		0458B93923B1F9BC00CEBFDA /* HomeViewController.swift */ = {isa = PBXFileReference; lastKnownFileType = sourcecode.swift; path = HomeViewController.swift; sourceTree = "<group>"; };
		0458B93D23B211B100CEBFDA /* MateCollectionViewCell.swift */ = {isa = PBXFileReference; lastKnownFileType = sourcecode.swift; path = MateCollectionViewCell.swift; sourceTree = "<group>"; };
		0458B93F23B2403400CEBFDA /* RecommendCollectionViewCell.swift */ = {isa = PBXFileReference; lastKnownFileType = sourcecode.swift; name = RecommendCollectionViewCell.swift; path = With/Sources/Cell/Home/RecommendCollectionViewCell.swift; sourceTree = SOURCE_ROOT; };
		045A549123B5D75400D2ADAD /* CountryCellTableViewCell.swift */ = {isa = PBXFileReference; fileEncoding = 4; lastKnownFileType = sourcecode.swift; path = CountryCellTableViewCell.swift; sourceTree = "<group>"; };
		045A549223B5D75400D2ADAD /* RegionCollectionViewCell.swift */ = {isa = PBXFileReference; fileEncoding = 4; lastKnownFileType = sourcecode.swift; path = RegionCollectionViewCell.swift; sourceTree = "<group>"; };
		04D4371C23B26B9F00574AF2 /* RecentCollectionViewCell.swift */ = {isa = PBXFileReference; lastKnownFileType = sourcecode.swift; name = RecentCollectionViewCell.swift; path = With/Sources/Cell/Home/RecentCollectionViewCell.swift; sourceTree = SOURCE_ROOT; };
		04D4374223B4B75C00574AF2 /* RegionFilter.storyboard */ = {isa = PBXFileReference; lastKnownFileType = file.storyboard; path = RegionFilter.storyboard; sourceTree = "<group>"; };
		04F3624A23B4F3BA005B56CB /* RegionFilterViewController.swift */ = {isa = PBXFileReference; lastKnownFileType = sourcecode.swift; path = RegionFilterViewController.swift; sourceTree = "<group>"; };
		04F3624C23B50939005B56CB /* SemiRegionCollectionViewCell.swift */ = {isa = PBXFileReference; lastKnownFileType = sourcecode.swift; path = SemiRegionCollectionViewCell.swift; sourceTree = "<group>"; };
		04F3624E23B51011005B56CB /* CountryModel.swift */ = {isa = PBXFileReference; lastKnownFileType = sourcecode.swift; path = CountryModel.swift; sourceTree = "<group>"; };
		050CCBC023B6374A0004D543 /* Estimate.storyboard */ = {isa = PBXFileReference; lastKnownFileType = file.storyboard; path = Estimate.storyboard; sourceTree = "<group>"; };
		050CCBC223B637810004D543 /* EstimateViewController.swift */ = {isa = PBXFileReference; lastKnownFileType = sourcecode.swift; path = EstimateViewController.swift; sourceTree = "<group>"; };
		05719C8A23BC7E840041D322 /* SignUpViewController.swift */ = {isa = PBXFileReference; lastKnownFileType = sourcecode.swift; path = SignUpViewController.swift; sourceTree = "<group>"; };
		05719C8C23BC89EF0041D322 /* MyPage.storyboard */ = {isa = PBXFileReference; lastKnownFileType = file.storyboard; path = MyPage.storyboard; sourceTree = "<group>"; };
		05719C8E23BCC63F0041D322 /* MyPageModifyViewController.swift */ = {isa = PBXFileReference; lastKnownFileType = sourcecode.swift; path = MyPageModifyViewController.swift; sourceTree = "<group>"; };
		05DDBE0723BA1C3300DCDBD5 /* EstimateService.swift */ = {isa = PBXFileReference; lastKnownFileType = sourcecode.swift; path = EstimateService.swift; sourceTree = "<group>"; };
		05DDBE0923BA45E100DCDBD5 /* RegionModel.swift */ = {isa = PBXFileReference; lastKnownFileType = sourcecode.swift; path = RegionModel.swift; sourceTree = "<group>"; };
		05DDBE0B23BB32C800DCDBD5 /* CountryService.swift */ = {isa = PBXFileReference; lastKnownFileType = sourcecode.swift; path = CountryService.swift; sourceTree = "<group>"; };
		05DDBE0D23BB694C00DCDBD5 /* WithMateModel.swift */ = {isa = PBXFileReference; lastKnownFileType = sourcecode.swift; path = WithMateModel.swift; sourceTree = "<group>"; };
		05DDBE0F23BB6A3000DCDBD5 /* RecommenBoardModel.swift */ = {isa = PBXFileReference; lastKnownFileType = sourcecode.swift; path = RecommenBoardModel.swift; sourceTree = "<group>"; };
		05DDBE1123BB6AC500DCDBD5 /* RecentBoardModel.swift */ = {isa = PBXFileReference; lastKnownFileType = sourcecode.swift; path = RecentBoardModel.swift; sourceTree = "<group>"; };
		05DDBE1323BB6CE700DCDBD5 /* WithMateService.swift */ = {isa = PBXFileReference; lastKnownFileType = sourcecode.swift; path = WithMateService.swift; sourceTree = "<group>"; };
		05DDBE1523BB704500DCDBD5 /* LogIn.storyboard */ = {isa = PBXFileReference; lastKnownFileType = file.storyboard; path = LogIn.storyboard; sourceTree = "<group>"; };
		05DDBE1723BB711C00DCDBD5 /* LogInViewController.swift */ = {isa = PBXFileReference; lastKnownFileType = sourcecode.swift; path = LogInViewController.swift; sourceTree = "<group>"; };
		06BBC30423B9C768000DAE1C /* LoginResult.swift */ = {isa = PBXFileReference; lastKnownFileType = sourcecode.swift; path = LoginResult.swift; sourceTree = "<group>"; };
		06BBC30623B9EADC000DAE1C /* ChatRoomViewController+Extension.swift */ = {isa = PBXFileReference; lastKnownFileType = sourcecode.swift; path = "ChatRoomViewController+Extension.swift"; sourceTree = "<group>"; };
		06BBC30823BA0D93000DAE1C /* ChatModel.swift */ = {isa = PBXFileReference; lastKnownFileType = sourcecode.swift; path = ChatModel.swift; sourceTree = "<group>"; };
		06BBC30A23BA1631000DAE1C /* UIViewController+Extension.swift */ = {isa = PBXFileReference; lastKnownFileType = sourcecode.swift; path = "UIViewController+Extension.swift"; sourceTree = "<group>"; };
		06BBC30C23BA8CCE000DAE1C /* InviteViewController.swift */ = {isa = PBXFileReference; lastKnownFileType = sourcecode.swift; path = InviteViewController.swift; sourceTree = "<group>"; };
		06BBC30E23BAA3EE000DAE1C /* InviteViewController+Extension.swift */ = {isa = PBXFileReference; lastKnownFileType = sourcecode.swift; path = "InviteViewController+Extension.swift"; sourceTree = "<group>"; };
		06BBC31023BAA58F000DAE1C /* UserInfo.swift */ = {isa = PBXFileReference; lastKnownFileType = sourcecode.swift; path = UserInfo.swift; sourceTree = "<group>"; };
		06BBC31223BB557F000DAE1C /* ChatListViewController+Extension.swift */ = {isa = PBXFileReference; lastKnownFileType = sourcecode.swift; path = "ChatListViewController+Extension.swift"; sourceTree = "<group>"; };
		06C1C92B23B6547C00DD4F9D /* ChatListTableViewCell.swift */ = {isa = PBXFileReference; lastKnownFileType = sourcecode.swift; path = ChatListTableViewCell.swift; sourceTree = "<group>"; };
		06C1C92D23B6AACF00DD4F9D /* UIView+Extension.swift */ = {isa = PBXFileReference; lastKnownFileType = sourcecode.swift; path = "UIView+Extension.swift"; sourceTree = "<group>"; };
		06C1C93423B7A78A00DD4F9D /* MyPageViewController.swift */ = {isa = PBXFileReference; lastKnownFileType = sourcecode.swift; path = MyPageViewController.swift; sourceTree = "<group>"; };
		06C1C93823B7C55A00DD4F9D /* UserService.swift */ = {isa = PBXFileReference; lastKnownFileType = sourcecode.swift; path = UserService.swift; sourceTree = "<group>"; };
		06C1C93A23B8875400DD4F9D /* SignUpModel.swift */ = {isa = PBXFileReference; lastKnownFileType = sourcecode.swift; path = SignUpModel.swift; sourceTree = "<group>"; };
		06C1C93C23B8BB6500DD4F9D /* ResponseResult.swift */ = {isa = PBXFileReference; lastKnownFileType = sourcecode.swift; path = ResponseResult.swift; sourceTree = "<group>"; };
		06C1C94023B8E65600DD4F9D /* GoogleService-Info.plist */ = {isa = PBXFileReference; fileEncoding = 4; lastKnownFileType = text.plist.xml; path = "GoogleService-Info.plist"; sourceTree = "<group>"; };
		06C1C94223B8F3CF00DD4F9D /* ServiceTestViewController.swift */ = {isa = PBXFileReference; lastKnownFileType = sourcecode.swift; path = ServiceTestViewController.swift; sourceTree = "<group>"; };
		06CFDD5423B09C930030BABB /* W!TH.app */ = {isa = PBXFileReference; explicitFileType = wrapper.application; includeInIndex = 0; path = "W!TH.app"; sourceTree = BUILT_PRODUCTS_DIR; };
		06CFDD5723B09C930030BABB /* AppDelegate.swift */ = {isa = PBXFileReference; lastKnownFileType = sourcecode.swift; path = AppDelegate.swift; sourceTree = "<group>"; };
		06CFDD5B23B09C930030BABB /* ViewController.swift */ = {isa = PBXFileReference; lastKnownFileType = sourcecode.swift; path = ViewController.swift; sourceTree = "<group>"; };
		06CFDD5E23B09C930030BABB /* Base */ = {isa = PBXFileReference; lastKnownFileType = file.storyboard; name = Base; path = Base.lproj/Main.storyboard; sourceTree = "<group>"; };
		06CFDD6023B09C960030BABB /* Assets.xcassets */ = {isa = PBXFileReference; lastKnownFileType = folder.assetcatalog; path = Assets.xcassets; sourceTree = "<group>"; };
		06CFDD6323B09C960030BABB /* Base */ = {isa = PBXFileReference; lastKnownFileType = file.storyboard; name = Base; path = Base.lproj/LaunchScreen.storyboard; sourceTree = "<group>"; };
		06CFDD6523B09C960030BABB /* Info.plist */ = {isa = PBXFileReference; lastKnownFileType = text.plist.xml; path = Info.plist; sourceTree = "<group>"; };
		06CFDD7023B1B9260030BABB /* Base */ = {isa = PBXFileReference; lastKnownFileType = file.storyboard; name = Base; path = Base.lproj/Chat.storyboard; sourceTree = "<group>"; };
		06CFDD7C23B1F2E60030BABB /* SocketIOManager.swift */ = {isa = PBXFileReference; lastKnownFileType = sourcecode.swift; path = SocketIOManager.swift; sourceTree = "<group>"; };
		06CFDD7F23B1F37F0030BABB /* BaseAPI.swift */ = {isa = PBXFileReference; lastKnownFileType = sourcecode.swift; path = BaseAPI.swift; sourceTree = "<group>"; };
		06CFDD8123B1F6F00030BABB /* ChatRoomViewController.swift */ = {isa = PBXFileReference; lastKnownFileType = sourcecode.swift; path = ChatRoomViewController.swift; sourceTree = "<group>"; };
		06CFDD8323B249450030BABB /* ChatBubbleTableViewCell.swift */ = {isa = PBXFileReference; lastKnownFileType = sourcecode.swift; path = ChatBubbleTableViewCell.swift; sourceTree = "<group>"; };
		06CFDD8723B2B3E80030BABB /* W!th.entitlements */ = {isa = PBXFileReference; lastKnownFileType = text.plist.entitlements; path = "W!th.entitlements"; sourceTree = "<group>"; };
		06CFDD8923B37CCC0030BABB /* UIColor+Extension.swift */ = {isa = PBXFileReference; lastKnownFileType = sourcecode.swift; path = "UIColor+Extension.swift"; sourceTree = "<group>"; };
		06CFDD8B23B3937A0030BABB /* ChatListViewController.swift */ = {isa = PBXFileReference; lastKnownFileType = sourcecode.swift; path = ChatListViewController.swift; sourceTree = "<group>"; };
		06CFDD9423B4673C0030BABB /* UITextView+Extension.swift */ = {isa = PBXFileReference; lastKnownFileType = sourcecode.swift; path = "UITextView+Extension.swift"; sourceTree = "<group>"; };
		06CFDD9623B4A1B30030BABB /* SF-Pro-Display-Medium.otf */ = {isa = PBXFileReference; lastKnownFileType = file; path = "SF-Pro-Display-Medium.otf"; sourceTree = "<group>"; };
		06CFDD9823B4CD920030BABB /* ChatDateTableViewCell.swift */ = {isa = PBXFileReference; lastKnownFileType = sourcecode.swift; path = ChatDateTableViewCell.swift; sourceTree = "<group>"; };
		06CFDD9A23B4CD9D0030BABB /* ChatProfileTableViewCell.swift */ = {isa = PBXFileReference; lastKnownFileType = sourcecode.swift; path = ChatProfileTableViewCell.swift; sourceTree = "<group>"; };
		06CFDD9C23B5399E0030BABB /* UILabel+Extension.swift */ = {isa = PBXFileReference; lastKnownFileType = sourcecode.swift; path = "UILabel+Extension.swift"; sourceTree = "<group>"; };
		06CFDDA023B5425D0030BABB /* ChatMyInviteTableViewCell.swift */ = {isa = PBXFileReference; lastKnownFileType = sourcecode.swift; path = ChatMyInviteTableViewCell.swift; sourceTree = "<group>"; };
		06CFDDA223B542C10030BABB /* ChatCompleteTableViewCell.swift */ = {isa = PBXFileReference; lastKnownFileType = sourcecode.swift; path = ChatCompleteTableViewCell.swift; sourceTree = "<group>"; };
		06CFDDA423B5454C0030BABB /* ChatOtherInviteTableViewCell.swift */ = {isa = PBXFileReference; fileEncoding = 4; lastKnownFileType = sourcecode.swift; path = ChatOtherInviteTableViewCell.swift; sourceTree = "<group>"; };
		203121F49D0F6F9796C12600 /* Pods_With.framework */ = {isa = PBXFileReference; explicitFileType = wrapper.framework; includeInIndex = 0; path = Pods_With.framework; sourceTree = BUILT_PRODUCTS_DIR; };
		4B37FA1ABF5A30B973C5CCC3 /* Pods-With.debug.xcconfig */ = {isa = PBXFileReference; includeInIndex = 1; lastKnownFileType = text.xcconfig; name = "Pods-With.debug.xcconfig"; path = "Target Support Files/Pods-With/Pods-With.debug.xcconfig"; sourceTree = "<group>"; };
		E9D4A0C6AA5F539FDB1A8ABF /* Pods-With.release.xcconfig */ = {isa = PBXFileReference; includeInIndex = 1; lastKnownFileType = text.xcconfig; name = "Pods-With.release.xcconfig"; path = "Target Support Files/Pods-With/Pods-With.release.xcconfig"; sourceTree = "<group>"; };
/* End PBXFileReference section */

/* Begin PBXFrameworksBuildPhase section */
		06CFDD5123B09C930030BABB /* Frameworks */ = {
			isa = PBXFrameworksBuildPhase;
			buildActionMask = 2147483647;
			files = (
				8F915AC69B73DB2F7A722B57 /* Pods_With.framework in Frameworks */,
			);
			runOnlyForDeploymentPostprocessing = 0;
		};
/* End PBXFrameworksBuildPhase section */

/* Begin PBXGroup section */
		0458B93C23B20C3C00CEBFDA /* Cell */ = {
			isa = PBXGroup;
			children = (
				0462C20F23B600C3001FBC1C /* Home */,
				06CFDD8323B249450030BABB /* ChatBubbleTableViewCell.swift */,
				06CFDD9823B4CD920030BABB /* ChatDateTableViewCell.swift */,
				06CFDD9A23B4CD9D0030BABB /* ChatProfileTableViewCell.swift */,
				06CFDDA423B5454C0030BABB /* ChatOtherInviteTableViewCell.swift */,
				06CFDDA023B5425D0030BABB /* ChatMyInviteTableViewCell.swift */,
				06CFDDA223B542C10030BABB /* ChatCompleteTableViewCell.swift */,
				06C1C92B23B6547C00DD4F9D /* ChatListTableViewCell.swift */,
			);
			path = Cell;
			sourceTree = "<group>";
		};
		045A548E23B5D13600D2ADAD /* Model */ = {
			isa = PBXGroup;
			children = (
				04F3624E23B51011005B56CB /* CountryModel.swift */,
				05DDBE0D23BB694C00DCDBD5 /* WithMateModel.swift */,
				06C1C93A23B8875400DD4F9D /* SignUpModel.swift */,
				05DDBE0F23BB6A3000DCDBD5 /* RecommenBoardModel.swift */,
				05DDBE1123BB6AC500DCDBD5 /* RecentBoardModel.swift */,
				06C1C93C23B8BB6500DD4F9D /* ResponseResult.swift */,
				05DDBE0923BA45E100DCDBD5 /* RegionModel.swift */,
				06BBC30823BA0D93000DAE1C /* ChatModel.swift */,
				06BBC31023BAA58F000DAE1C /* UserInfo.swift */,
				06BBC30423B9C768000DAE1C /* LoginResult.swift */,
			);
			path = Model;
			sourceTree = "<group>";
		};
		0462C20F23B600C3001FBC1C /* Home */ = {
			isa = PBXGroup;
			children = (
				0458B93D23B211B100CEBFDA /* MateCollectionViewCell.swift */,
				0458B93F23B2403400CEBFDA /* RecommendCollectionViewCell.swift */,
				04D4371C23B26B9F00574AF2 /* RecentCollectionViewCell.swift */,
				0462C21023B600F3001FBC1C /* RegionFilter */,
			);
			path = Home;
			sourceTree = "<group>";
		};
		0462C21023B600F3001FBC1C /* RegionFilter */ = {
			isa = PBXGroup;
			children = (
				045A549223B5D75400D2ADAD /* RegionCollectionViewCell.swift */,
				04F3624C23B50939005B56CB /* SemiRegionCollectionViewCell.swift */,
				045A549123B5D75400D2ADAD /* CountryCellTableViewCell.swift */,
			);
			path = RegionFilter;
			sourceTree = "<group>";
		};
		06CFDD4B23B09C930030BABB = {
			isa = PBXGroup;
			children = (
				06CFDD5623B09C930030BABB /* With */,
				06CFDD5523B09C930030BABB /* Products */,
				584CD228CA161DA093F20C9E /* Pods */,
				F8ACA8EE141C8E09306578E4 /* Frameworks */,
			);
			sourceTree = "<group>";
		};
		06CFDD5523B09C930030BABB /* Products */ = {
			isa = PBXGroup;
			children = (
				06CFDD5423B09C930030BABB /* W!TH.app */,
			);
			name = Products;
			sourceTree = "<group>";
		};
		06CFDD5623B09C930030BABB /* With */ = {
			isa = PBXGroup;
			children = (
				06C1C94023B8E65600DD4F9D /* GoogleService-Info.plist */,
				06CFDD8723B2B3E80030BABB /* W!th.entitlements */,
				06CFDD6523B09C960030BABB /* Info.plist */,
				06CFDD6B23B09C9D0030BABB /* Resources */,
				06CFDD6C23B09CA30030BABB /* Sources */,
			);
			path = With;
			sourceTree = "<group>";
		};
		06CFDD6B23B09C9D0030BABB /* Resources */ = {
			isa = PBXGroup;
			children = (
				06CFDD8D23B3963B0030BABB /* Fonts */,
				06CFDD6023B09C960030BABB /* Assets.xcassets */,
				06CFDD6223B09C960030BABB /* LaunchScreen.storyboard */,
				06CFDD5D23B09C930030BABB /* Main.storyboard */,
				06CFDD6F23B1B9260030BABB /* Chat.storyboard */,
				0458B93723B1F96F00CEBFDA /* Home.storyboard */,
				04D4374223B4B75C00574AF2 /* RegionFilter.storyboard */,
				050CCBC023B6374A0004D543 /* Estimate.storyboard */,
				05DDBE1523BB704500DCDBD5 /* LogIn.storyboard */,
				05719C8C23BC89EF0041D322 /* MyPage.storyboard */,
			);
			path = Resources;
			sourceTree = "<group>";
		};
		06CFDD6C23B09CA30030BABB /* Sources */ = {
			isa = PBXGroup;
			children = (
				06CFDD5723B09C930030BABB /* AppDelegate.swift */,
				06CFDD8823B37CB50030BABB /* Extension */,
				06CFDD7B23B1F2BC0030BABB /* Socket */,
				06CFDD7A23B1F2AF0030BABB /* Service */,
				045A548E23B5D13600D2ADAD /* Model */,
				0458B93C23B20C3C00CEBFDA /* Cell */,
				06CFDD6D23B09D2D0030BABB /* ViewController */,
			);
			path = Sources;
			sourceTree = "<group>";
		};
		06CFDD6D23B09D2D0030BABB /* ViewController */ = {
			isa = PBXGroup;
			children = (
				06BBC30C23BA8CCE000DAE1C /* InviteViewController.swift */,
				06CFDD5B23B09C930030BABB /* ViewController.swift */,
				0458B93923B1F9BC00CEBFDA /* HomeViewController.swift */,
				06CFDD8123B1F6F00030BABB /* ChatRoomViewController.swift */,
				06CFDD8B23B3937A0030BABB /* ChatListViewController.swift */,
				04F3624A23B4F3BA005B56CB /* RegionFilterViewController.swift */,
				050CCBC223B637810004D543 /* EstimateViewController.swift */,
				05719C8E23BCC63F0041D322 /* MyPageModifyViewController.swift */,
				06C1C93423B7A78A00DD4F9D /* MyPageViewController.swift */,
				06C1C94223B8F3CF00DD4F9D /* ServiceTestViewController.swift */,
				05DDBE1723BB711C00DCDBD5 /* LogInViewController.swift */,
				05719C8A23BC7E840041D322 /* SignUpViewController.swift */,
			);
			path = ViewController;
			sourceTree = "<group>";
		};
		06CFDD7A23B1F2AF0030BABB /* Service */ = {
			isa = PBXGroup;
			children = (
				06CFDD7F23B1F37F0030BABB /* BaseAPI.swift */,
				06C1C93823B7C55A00DD4F9D /* UserService.swift */,
				05DDBE0723BA1C3300DCDBD5 /* EstimateService.swift */,
				05DDBE0B23BB32C800DCDBD5 /* CountryService.swift */,
				05DDBE1323BB6CE700DCDBD5 /* WithMateService.swift */,
			);
			path = Service;
			sourceTree = "<group>";
		};
		06CFDD7B23B1F2BC0030BABB /* Socket */ = {
			isa = PBXGroup;
			children = (
				06CFDD7C23B1F2E60030BABB /* SocketIOManager.swift */,
			);
			path = Socket;
			sourceTree = "<group>";
		};
		06CFDD8823B37CB50030BABB /* Extension */ = {
			isa = PBXGroup;
			children = (
				06CFDD8923B37CCC0030BABB /* UIColor+Extension.swift */,
				06CFDD9423B4673C0030BABB /* UITextView+Extension.swift */,
				06CFDD9C23B5399E0030BABB /* UILabel+Extension.swift */,
				06C1C92D23B6AACF00DD4F9D /* UIView+Extension.swift */,
				06BBC30623B9EADC000DAE1C /* ChatRoomViewController+Extension.swift */,
				06BBC30E23BAA3EE000DAE1C /* InviteViewController+Extension.swift */,
				06BBC30A23BA1631000DAE1C /* UIViewController+Extension.swift */,
				06BBC31223BB557F000DAE1C /* ChatListViewController+Extension.swift */,
			);
			path = Extension;
			sourceTree = "<group>";
		};
		06CFDD8D23B3963B0030BABB /* Fonts */ = {
			isa = PBXGroup;
			children = (
				06CFDD9623B4A1B30030BABB /* SF-Pro-Display-Medium.otf */,
			);
			path = Fonts;
			sourceTree = "<group>";
		};
		584CD228CA161DA093F20C9E /* Pods */ = {
			isa = PBXGroup;
			children = (
				4B37FA1ABF5A30B973C5CCC3 /* Pods-With.debug.xcconfig */,
				E9D4A0C6AA5F539FDB1A8ABF /* Pods-With.release.xcconfig */,
			);
			path = Pods;
			sourceTree = "<group>";
		};
		F8ACA8EE141C8E09306578E4 /* Frameworks */ = {
			isa = PBXGroup;
			children = (
				203121F49D0F6F9796C12600 /* Pods_With.framework */,
			);
			name = Frameworks;
			sourceTree = "<group>";
		};
/* End PBXGroup section */

/* Begin PBXNativeTarget section */
		06CFDD5323B09C930030BABB /* With */ = {
			isa = PBXNativeTarget;
			buildConfigurationList = 06CFDD6823B09C960030BABB /* Build configuration list for PBXNativeTarget "With" */;
			buildPhases = (
				4441787E701360B6721AE8F3 /* [CP] Check Pods Manifest.lock */,
				06CFDD5023B09C930030BABB /* Sources */,
				06CFDD5123B09C930030BABB /* Frameworks */,
				06CFDD5223B09C930030BABB /* Resources */,
				3C15A8E664A0677E2DFA06FB /* [CP] Embed Pods Frameworks */,
				06CFDD6E23B0A1EE0030BABB /* ShellScript */,
			);
			buildRules = (
			);
			dependencies = (
			);
			name = With;
			productName = With;
			productReference = 06CFDD5423B09C930030BABB /* W!TH.app */;
			productType = "com.apple.product-type.application";
		};
/* End PBXNativeTarget section */

/* Begin PBXProject section */
		06CFDD4C23B09C930030BABB /* Project object */ = {
			isa = PBXProject;
			attributes = {
				LastSwiftUpdateCheck = 1130;
				LastUpgradeCheck = 1130;
				ORGANIZATIONNAME = ns;
				TargetAttributes = {
					06CFDD5323B09C930030BABB = {
						CreatedOnToolsVersion = 11.3;
					};
				};
			};
			buildConfigurationList = 06CFDD4F23B09C930030BABB /* Build configuration list for PBXProject "With" */;
			compatibilityVersion = "Xcode 9.3";
			developmentRegion = en;
			hasScannedForEncodings = 0;
			knownRegions = (
				en,
				Base,
			);
			mainGroup = 06CFDD4B23B09C930030BABB;
			productRefGroup = 06CFDD5523B09C930030BABB /* Products */;
			projectDirPath = "";
			projectRoot = "";
			targets = (
				06CFDD5323B09C930030BABB /* With */,
			);
		};
/* End PBXProject section */

/* Begin PBXResourcesBuildPhase section */
		06CFDD5223B09C930030BABB /* Resources */ = {
			isa = PBXResourcesBuildPhase;
			buildActionMask = 2147483647;
			files = (
				04D4374323B4B75C00574AF2 /* RegionFilter.storyboard in Resources */,
				06CFDD6423B09C960030BABB /* LaunchScreen.storyboard in Resources */,
				06C1C94123B8E65600DD4F9D /* GoogleService-Info.plist in Resources */,
				0458B93823B1F96F00CEBFDA /* Home.storyboard in Resources */,
				05DDBE1623BB704500DCDBD5 /* LogIn.storyboard in Resources */,
				06CFDD6123B09C960030BABB /* Assets.xcassets in Resources */,
				05719C8D23BC89EF0041D322 /* MyPage.storyboard in Resources */,
				050CCBC123B6374A0004D543 /* Estimate.storyboard in Resources */,
				06CFDD7123B1B9260030BABB /* Chat.storyboard in Resources */,
				06CFDD5F23B09C930030BABB /* Main.storyboard in Resources */,
				06CFDD9723B4A1B30030BABB /* SF-Pro-Display-Medium.otf in Resources */,
			);
			runOnlyForDeploymentPostprocessing = 0;
		};
/* End PBXResourcesBuildPhase section */

/* Begin PBXShellScriptBuildPhase section */
		06CFDD6E23B0A1EE0030BABB /* ShellScript */ = {
			isa = PBXShellScriptBuildPhase;
			buildActionMask = 2147483647;
			files = (
			);
			inputFileListPaths = (
			);
			inputPaths = (
			);
			outputFileListPaths = (
			);
			outputPaths = (
			);
			runOnlyForDeploymentPostprocessing = 0;
			shellPath = /bin/sh;
			shellScript = "# Type a script or drag a script file from your workspace to insert its path.\n${PODS_ROOT}/SwiftLint/swiftlint\n";
		};
		3C15A8E664A0677E2DFA06FB /* [CP] Embed Pods Frameworks */ = {
			isa = PBXShellScriptBuildPhase;
			buildActionMask = 2147483647;
			files = (
			);
			inputFileListPaths = (
				"${PODS_ROOT}/Target Support Files/Pods-With/Pods-With-frameworks-${CONFIGURATION}-input-files.xcfilelist",
			);
			name = "[CP] Embed Pods Frameworks";
			outputFileListPaths = (
				"${PODS_ROOT}/Target Support Files/Pods-With/Pods-With-frameworks-${CONFIGURATION}-output-files.xcfilelist",
			);
			runOnlyForDeploymentPostprocessing = 0;
			shellPath = /bin/sh;
			shellScript = "\"${PODS_ROOT}/Target Support Files/Pods-With/Pods-With-frameworks.sh\"\n";
			showEnvVarsInLog = 0;
		};
		4441787E701360B6721AE8F3 /* [CP] Check Pods Manifest.lock */ = {
			isa = PBXShellScriptBuildPhase;
			buildActionMask = 2147483647;
			files = (
			);
			inputFileListPaths = (
			);
			inputPaths = (
				"${PODS_PODFILE_DIR_PATH}/Podfile.lock",
				"${PODS_ROOT}/Manifest.lock",
			);
			name = "[CP] Check Pods Manifest.lock";
			outputFileListPaths = (
			);
			outputPaths = (
				"$(DERIVED_FILE_DIR)/Pods-With-checkManifestLockResult.txt",
			);
			runOnlyForDeploymentPostprocessing = 0;
			shellPath = /bin/sh;
			shellScript = "diff \"${PODS_PODFILE_DIR_PATH}/Podfile.lock\" \"${PODS_ROOT}/Manifest.lock\" > /dev/null\nif [ $? != 0 ] ; then\n    # print error to STDERR\n    echo \"error: The sandbox is not in sync with the Podfile.lock. Run 'pod install' or update your CocoaPods installation.\" >&2\n    exit 1\nfi\n# This output is used by Xcode 'outputs' to avoid re-running this script phase.\necho \"SUCCESS\" > \"${SCRIPT_OUTPUT_FILE_0}\"\n";
			showEnvVarsInLog = 0;
		};
/* End PBXShellScriptBuildPhase section */

/* Begin PBXSourcesBuildPhase section */
		06CFDD5023B09C930030BABB /* Sources */ = {
			isa = PBXSourcesBuildPhase;
			buildActionMask = 2147483647;
			files = (
				06BBC31123BAA58F000DAE1C /* UserInfo.swift in Sources */,
				06BBC30723B9EADC000DAE1C /* ChatRoomViewController+Extension.swift in Sources */,
				06BBC30F23BAA3EE000DAE1C /* InviteViewController+Extension.swift in Sources */,
				06CFDD7D23B1F2E60030BABB /* SocketIOManager.swift in Sources */,
				05719C8B23BC7E840041D322 /* SignUpViewController.swift in Sources */,
				050CCBC323B637810004D543 /* EstimateViewController.swift in Sources */,
				06C1C93923B7C55A00DD4F9D /* UserService.swift in Sources */,
				06CFDD5C23B09C930030BABB /* ViewController.swift in Sources */,
				06CFDDA123B5425D0030BABB /* ChatMyInviteTableViewCell.swift in Sources */,
				06CFDD5823B09C930030BABB /* AppDelegate.swift in Sources */,
				05DDBE0823BA1C3300DCDBD5 /* EstimateService.swift in Sources */,
				06BBC30523B9C768000DAE1C /* LoginResult.swift in Sources */,
				06C1C93B23B8875400DD4F9D /* SignUpModel.swift in Sources */,
				05DDBE1023BB6A3000DCDBD5 /* RecommenBoardModel.swift in Sources */,
				06CFDD9923B4CD920030BABB /* ChatDateTableViewCell.swift in Sources */,
				06C1C93D23B8BB6500DD4F9D /* ResponseResult.swift in Sources */,
				06CFDDA323B542C10030BABB /* ChatCompleteTableViewCell.swift in Sources */,
				06CFDD9523B4673C0030BABB /* UITextView+Extension.swift in Sources */,
				06CFDD8A23B37CCC0030BABB /* UIColor+Extension.swift in Sources */,
				05DDBE0A23BA45E100DCDBD5 /* RegionModel.swift in Sources */,
				05719C8F23BCC63F0041D322 /* MyPageModifyViewController.swift in Sources */,
				045A549323B5D75500D2ADAD /* CountryCellTableViewCell.swift in Sources */,
				045A549423B5D75500D2ADAD /* RegionCollectionViewCell.swift in Sources */,
				05DDBE0C23BB32C800DCDBD5 /* CountryService.swift in Sources */,
				06C1C93523B7A78A00DD4F9D /* MyPageViewController.swift in Sources */,
				05DDBE0E23BB694C00DCDBD5 /* WithMateModel.swift in Sources */,
				06C1C94323B8F3CF00DD4F9D /* ServiceTestViewController.swift in Sources */,
				06CFDD8C23B3937A0030BABB /* ChatListViewController.swift in Sources */,
				06BBC30B23BA1631000DAE1C /* UIViewController+Extension.swift in Sources */,
				0458B93E23B211B100CEBFDA /* MateCollectionViewCell.swift in Sources */,
				04D4371D23B26B9F00574AF2 /* RecentCollectionViewCell.swift in Sources */,
				04F3624F23B51011005B56CB /* CountryModel.swift in Sources */,
				04F3624F23B51011005B56CB /* CountryModel.swift in Sources */,
				06BBC30923BA0D93000DAE1C /* ChatModel.swift in Sources */,
				06C1C92E23B6AACF00DD4F9D /* UIView+Extension.swift in Sources */,
				06BBC31323BB557F000DAE1C /* ChatListViewController+Extension.swift in Sources */,
				0458B93A23B1F9BC00CEBFDA /* HomeViewController.swift in Sources */,
				04F3624B23B4F3BA005B56CB /* RegionFilterViewController.swift in Sources */,
				05DDBE1823BB711C00DCDBD5 /* LogInViewController.swift in Sources */,
				06C1C92C23B6547C00DD4F9D /* ChatListTableViewCell.swift in Sources */,
				06BBC30D23BA8CCE000DAE1C /* InviteViewController.swift in Sources */,
				06CFDDA523B5454C0030BABB /* ChatOtherInviteTableViewCell.swift in Sources */,
				05DDBE1223BB6AC500DCDBD5 /* RecentBoardModel.swift in Sources */,
				06CFDD8023B1F37F0030BABB /* BaseAPI.swift in Sources */,
				05DDBE1423BB6CE700DCDBD5 /* WithMateService.swift in Sources */,
				06CFDD9D23B5399E0030BABB /* UILabel+Extension.swift in Sources */,
				06CFDD9B23B4CD9D0030BABB /* ChatProfileTableViewCell.swift in Sources */,
				06CFDD8423B249450030BABB /* ChatBubbleTableViewCell.swift in Sources */,
				06CFDD8223B1F6F00030BABB /* ChatRoomViewController.swift in Sources */,
				04F3624D23B50939005B56CB /* SemiRegionCollectionViewCell.swift in Sources */,
				0458B94023B2403400CEBFDA /* RecommendCollectionViewCell.swift in Sources */,
			);
			runOnlyForDeploymentPostprocessing = 0;
		};
/* End PBXSourcesBuildPhase section */

/* Begin PBXVariantGroup section */
		06CFDD5D23B09C930030BABB /* Main.storyboard */ = {
			isa = PBXVariantGroup;
			children = (
				06CFDD5E23B09C930030BABB /* Base */,
			);
			name = Main.storyboard;
			sourceTree = "<group>";
		};
		06CFDD6223B09C960030BABB /* LaunchScreen.storyboard */ = {
			isa = PBXVariantGroup;
			children = (
				06CFDD6323B09C960030BABB /* Base */,
			);
			name = LaunchScreen.storyboard;
			sourceTree = "<group>";
		};
		06CFDD6F23B1B9260030BABB /* Chat.storyboard */ = {
			isa = PBXVariantGroup;
			children = (
				06CFDD7023B1B9260030BABB /* Base */,
			);
			name = Chat.storyboard;
			sourceTree = "<group>";
		};
/* End PBXVariantGroup section */

/* Begin XCBuildConfiguration section */
		06CFDD6623B09C960030BABB /* Debug */ = {
			isa = XCBuildConfiguration;
			buildSettings = {
				ALWAYS_SEARCH_USER_PATHS = NO;
				CLANG_ANALYZER_NONNULL = YES;
				CLANG_ANALYZER_NUMBER_OBJECT_CONVERSION = YES_AGGRESSIVE;
				CLANG_CXX_LANGUAGE_STANDARD = "gnu++14";
				CLANG_CXX_LIBRARY = "libc++";
				CLANG_ENABLE_MODULES = YES;
				CLANG_ENABLE_OBJC_ARC = YES;
				CLANG_ENABLE_OBJC_WEAK = YES;
				CLANG_WARN_BLOCK_CAPTURE_AUTORELEASING = YES;
				CLANG_WARN_BOOL_CONVERSION = YES;
				CLANG_WARN_COMMA = YES;
				CLANG_WARN_CONSTANT_CONVERSION = YES;
				CLANG_WARN_DEPRECATED_OBJC_IMPLEMENTATIONS = YES;
				CLANG_WARN_DIRECT_OBJC_ISA_USAGE = YES_ERROR;
				CLANG_WARN_DOCUMENTATION_COMMENTS = YES;
				CLANG_WARN_EMPTY_BODY = YES;
				CLANG_WARN_ENUM_CONVERSION = YES;
				CLANG_WARN_INFINITE_RECURSION = YES;
				CLANG_WARN_INT_CONVERSION = YES;
				CLANG_WARN_NON_LITERAL_NULL_CONVERSION = YES;
				CLANG_WARN_OBJC_IMPLICIT_RETAIN_SELF = YES;
				CLANG_WARN_OBJC_LITERAL_CONVERSION = YES;
				CLANG_WARN_OBJC_ROOT_CLASS = YES_ERROR;
				CLANG_WARN_RANGE_LOOP_ANALYSIS = YES;
				CLANG_WARN_STRICT_PROTOTYPES = YES;
				CLANG_WARN_SUSPICIOUS_MOVE = YES;
				CLANG_WARN_UNGUARDED_AVAILABILITY = YES_AGGRESSIVE;
				CLANG_WARN_UNREACHABLE_CODE = YES;
				CLANG_WARN__DUPLICATE_METHOD_MATCH = YES;
				COPY_PHASE_STRIP = NO;
				DEBUG_INFORMATION_FORMAT = dwarf;
				ENABLE_STRICT_OBJC_MSGSEND = YES;
				ENABLE_TESTABILITY = YES;
				GCC_C_LANGUAGE_STANDARD = gnu11;
				GCC_DYNAMIC_NO_PIC = NO;
				GCC_NO_COMMON_BLOCKS = YES;
				GCC_OPTIMIZATION_LEVEL = 0;
				GCC_PREPROCESSOR_DEFINITIONS = (
					"DEBUG=1",
					"$(inherited)",
				);
				GCC_WARN_64_TO_32_BIT_CONVERSION = YES;
				GCC_WARN_ABOUT_RETURN_TYPE = YES_ERROR;
				GCC_WARN_UNDECLARED_SELECTOR = YES;
				GCC_WARN_UNINITIALIZED_AUTOS = YES_AGGRESSIVE;
				GCC_WARN_UNUSED_FUNCTION = YES;
				GCC_WARN_UNUSED_VARIABLE = YES;
				IPHONEOS_DEPLOYMENT_TARGET = 13.0;
				MTL_ENABLE_DEBUG_INFO = INCLUDE_SOURCE;
				MTL_FAST_MATH = YES;
				ONLY_ACTIVE_ARCH = YES;
				SDKROOT = iphoneos;
				SWIFT_ACTIVE_COMPILATION_CONDITIONS = DEBUG;
				SWIFT_OPTIMIZATION_LEVEL = "-Onone";
			};
			name = Debug;
		};
		06CFDD6723B09C960030BABB /* Release */ = {
			isa = XCBuildConfiguration;
			buildSettings = {
				ALWAYS_SEARCH_USER_PATHS = NO;
				CLANG_ANALYZER_NONNULL = YES;
				CLANG_ANALYZER_NUMBER_OBJECT_CONVERSION = YES_AGGRESSIVE;
				CLANG_CXX_LANGUAGE_STANDARD = "gnu++14";
				CLANG_CXX_LIBRARY = "libc++";
				CLANG_ENABLE_MODULES = YES;
				CLANG_ENABLE_OBJC_ARC = YES;
				CLANG_ENABLE_OBJC_WEAK = YES;
				CLANG_WARN_BLOCK_CAPTURE_AUTORELEASING = YES;
				CLANG_WARN_BOOL_CONVERSION = YES;
				CLANG_WARN_COMMA = YES;
				CLANG_WARN_CONSTANT_CONVERSION = YES;
				CLANG_WARN_DEPRECATED_OBJC_IMPLEMENTATIONS = YES;
				CLANG_WARN_DIRECT_OBJC_ISA_USAGE = YES_ERROR;
				CLANG_WARN_DOCUMENTATION_COMMENTS = YES;
				CLANG_WARN_EMPTY_BODY = YES;
				CLANG_WARN_ENUM_CONVERSION = YES;
				CLANG_WARN_INFINITE_RECURSION = YES;
				CLANG_WARN_INT_CONVERSION = YES;
				CLANG_WARN_NON_LITERAL_NULL_CONVERSION = YES;
				CLANG_WARN_OBJC_IMPLICIT_RETAIN_SELF = YES;
				CLANG_WARN_OBJC_LITERAL_CONVERSION = YES;
				CLANG_WARN_OBJC_ROOT_CLASS = YES_ERROR;
				CLANG_WARN_RANGE_LOOP_ANALYSIS = YES;
				CLANG_WARN_STRICT_PROTOTYPES = YES;
				CLANG_WARN_SUSPICIOUS_MOVE = YES;
				CLANG_WARN_UNGUARDED_AVAILABILITY = YES_AGGRESSIVE;
				CLANG_WARN_UNREACHABLE_CODE = YES;
				CLANG_WARN__DUPLICATE_METHOD_MATCH = YES;
				COPY_PHASE_STRIP = NO;
				DEBUG_INFORMATION_FORMAT = "dwarf-with-dsym";
				ENABLE_NS_ASSERTIONS = NO;
				ENABLE_STRICT_OBJC_MSGSEND = YES;
				GCC_C_LANGUAGE_STANDARD = gnu11;
				GCC_NO_COMMON_BLOCKS = YES;
				GCC_WARN_64_TO_32_BIT_CONVERSION = YES;
				GCC_WARN_ABOUT_RETURN_TYPE = YES_ERROR;
				GCC_WARN_UNDECLARED_SELECTOR = YES;
				GCC_WARN_UNINITIALIZED_AUTOS = YES_AGGRESSIVE;
				GCC_WARN_UNUSED_FUNCTION = YES;
				GCC_WARN_UNUSED_VARIABLE = YES;
				IPHONEOS_DEPLOYMENT_TARGET = 13.0;
				MTL_ENABLE_DEBUG_INFO = NO;
				MTL_FAST_MATH = YES;
				SDKROOT = iphoneos;
				SWIFT_COMPILATION_MODE = wholemodule;
				SWIFT_OPTIMIZATION_LEVEL = "-O";
				VALIDATE_PRODUCT = YES;
			};
			name = Release;
		};
		06CFDD6923B09C960030BABB /* Debug */ = {
			isa = XCBuildConfiguration;
			baseConfigurationReference = 4B37FA1ABF5A30B973C5CCC3 /* Pods-With.debug.xcconfig */;
			buildSettings = {
				ASSETCATALOG_COMPILER_APPICON_NAME = AppIcon;
				CODE_SIGN_ENTITLEMENTS = "With/W!th.entitlements";
				CODE_SIGN_STYLE = Automatic;
				DEVELOPMENT_TEAM = "";
				INFOPLIST_FILE = With/Info.plist;
				IPHONEOS_DEPLOYMENT_TARGET = 12.4;
				LD_RUNPATH_SEARCH_PATHS = (
					"$(inherited)",
					"@executable_path/Frameworks",
				);
				PRODUCT_BUNDLE_IDENTIFIER = ns.With;
				PRODUCT_NAME = "W!TH";
				SWIFT_VERSION = 5.0;
				TARGETED_DEVICE_FAMILY = 1;
			};
			name = Debug;
		};
		06CFDD6A23B09C960030BABB /* Release */ = {
			isa = XCBuildConfiguration;
			baseConfigurationReference = E9D4A0C6AA5F539FDB1A8ABF /* Pods-With.release.xcconfig */;
			buildSettings = {
				ASSETCATALOG_COMPILER_APPICON_NAME = AppIcon;
				CODE_SIGN_ENTITLEMENTS = "With/W!th.entitlements";
				CODE_SIGN_STYLE = Automatic;
				DEVELOPMENT_TEAM = "";
				INFOPLIST_FILE = With/Info.plist;
				IPHONEOS_DEPLOYMENT_TARGET = 12.4;
				LD_RUNPATH_SEARCH_PATHS = (
					"$(inherited)",
					"@executable_path/Frameworks",
				);
				PRODUCT_BUNDLE_IDENTIFIER = ns.With;
				PRODUCT_NAME = "W!TH";
				SWIFT_VERSION = 5.0;
				TARGETED_DEVICE_FAMILY = 1;
			};
			name = Release;
		};
/* End XCBuildConfiguration section */

/* Begin XCConfigurationList section */
		06CFDD4F23B09C930030BABB /* Build configuration list for PBXProject "With" */ = {
			isa = XCConfigurationList;
			buildConfigurations = (
				06CFDD6623B09C960030BABB /* Debug */,
				06CFDD6723B09C960030BABB /* Release */,
			);
			defaultConfigurationIsVisible = 0;
			defaultConfigurationName = Release;
		};
		06CFDD6823B09C960030BABB /* Build configuration list for PBXNativeTarget "With" */ = {
			isa = XCConfigurationList;
			buildConfigurations = (
				06CFDD6923B09C960030BABB /* Debug */,
				06CFDD6A23B09C960030BABB /* Release */,
			);
			defaultConfigurationIsVisible = 0;
			defaultConfigurationName = Release;
		};
/* End XCConfigurationList section */
	};
	rootObject = 06CFDD4C23B09C930030BABB /* Project object */;
}
